
Microsoft Visual Studio Solution File, Format Version 12.00
# Visual Studio 2012
Project("{8BC9CEB8-8B4A-11D0-8D11-00A0C91BC942}") = "Project", "Project.vcxproj", "{FD3A2517-E507-42B7-B097-88470360DD17}"
EndProject
Global
	GlobalSection(SolutionConfigurationPlatforms) = preSolution
		Debug|Win32 = Debug|Win32
		Release|Win32 = Release|Win32
	EndGlobalSection
	GlobalSection(ProjectConfigurationPlatforms) = postSolution
		{FD3A2517-E507-42B7-B097-88470360DD17}.Debug|Win32.ActiveCfg = Debug|Win32
		{FD3A2517-E507-42B7-B097-88470360DD17}.Debug|Win32.Build.0 = Debug|Win32
		{FD3A2517-E507-42B7-B097-88470360DD17}.Release|Win32.ActiveCfg = Release|Win32
		{FD3A2517-E507-42B7-B097-88470360DD17}.Release|Win32.Build.0 = Release|Win32
	EndGlobalSection
	GlobalSection(SolutionProperties) = preSolution
		HideSolutionNode = FALSE
	EndGlobalSection
EndGlobal
